
Microsoft Visual Studio Solution File, Format Version 12.00
# Visual Studio Version 17
VisualStudioVersion = 17.0.31903.59
MinimumVisualStudioVersion = 10.0.40219.1
Project("{2150E333-8FDC-42A3-9474-1A3956D46DE8}") = "Project_AMN", "Project_AMN", "{C46C5A7B-1CF1-4C13-BAA8-91205ABD5F98}"
EndProject
Project("{FAE04EC0-301F-11D3-BF4B-00C04F79EFBC}") = "Project_AMN", "Project_AMN\Project_AMN\Project_AMN.csproj", "{2E46C91C-FC6D-499F-8DE1-5763D4D20334}"
EndProject
Project("{FAE04EC0-301F-11D3-BF4B-00C04F79EFBC}") = "Project_AMN.Client", "Project_AMN\Project_AMN.Client\Project_AMN.Client.csproj", "{B2D99470-26FB-4A79-B7C3-DD175AD9E39C}"
EndProject
Global
	GlobalSection(SolutionConfigurationPlatforms) = preSolution
		Debug|Any CPU = Debug|Any CPU
		Release|Any CPU = Release|Any CPU
	EndGlobalSection
	GlobalSection(SolutionProperties) = preSolution
		HideSolutionNode = FALSE
	EndGlobalSection
	GlobalSection(ProjectConfigurationPlatforms) = postSolution
		{2E46C91C-FC6D-499F-8DE1-5763D4D20334}.Debug|Any CPU.ActiveCfg = Debug|Any CPU
		{2E46C91C-FC6D-499F-8DE1-5763D4D20334}.Debug|Any CPU.Build.0 = Debug|Any CPU
		{2E46C91C-FC6D-499F-8DE1-5763D4D20334}.Release|Any CPU.ActiveCfg = Release|Any CPU
		{2E46C91C-FC6D-499F-8DE1-5763D4D20334}.Release|Any CPU.Build.0 = Release|Any CPU
		{B2D99470-26FB-4A79-B7C3-DD175AD9E39C}.Debug|Any CPU.ActiveCfg = Debug|Any CPU
		{B2D99470-26FB-4A79-B7C3-DD175AD9E39C}.Debug|Any CPU.Build.0 = Debug|Any CPU
		{B2D99470-26FB-4A79-B7C3-DD175AD9E39C}.Release|Any CPU.ActiveCfg = Release|Any CPU
		{B2D99470-26FB-4A79-B7C3-DD175AD9E39C}.Release|Any CPU.Build.0 = Release|Any CPU
	EndGlobalSection
	GlobalSection(NestedProjects) = preSolution
		{2E46C91C-FC6D-499F-8DE1-5763D4D20334} = {C46C5A7B-1CF1-4C13-BAA8-91205ABD5F98}
		{B2D99470-26FB-4A79-B7C3-DD175AD9E39C} = {C46C5A7B-1CF1-4C13-BAA8-91205ABD5F98}
	EndGlobalSection
EndGlobal
