
Microsoft Visual Studio Solution File, Format Version 12.00
# Visual Studio Version 17
VisualStudioVersion = 17.5.2.0
MinimumVisualStudioVersion = 10.0.40219.1
Project("{FAE04EC0-301F-11D3-BF4B-00C04F79EFBC}") = "Project_AMN", "Project_AMN\Project_AMN.csproj", "{D01A2BC4-EED6-AA56-612C-000889745FEE}"
EndProject
Project("{FAE04EC0-301F-11D3-BF4B-00C04F79EFBC}") = "Project_AMN.Client", "Project_AMN.Client\Project_AMN.Client.csproj", "{C42B5DCA-0B66-423F-1955-29B99BC5610B}"
EndProject
Project("{FAE04EC0-301F-11D3-BF4B-00C04F79EFBC}") = "Project_AMN.Shared", "Project_AMN.Shared\Project_AMN.Shared.csproj", "{06ED865C-7750-4EED-BBF6-E2CB65970A85}"
EndProject
Global
	GlobalSection(SolutionConfigurationPlatforms) = preSolution
		Debug|Any CPU = Debug|Any CPU
		Debug|x64 = Debug|x64
		Debug|x86 = Debug|x86
		Release|Any CPU = Release|Any CPU
		Release|x64 = Release|x64
		Release|x86 = Release|x86
	EndGlobalSection
	GlobalSection(ProjectConfigurationPlatforms) = postSolution
		{D01A2BC4-EED6-AA56-612C-000889745FEE}.Debug|Any CPU.ActiveCfg = Debug|Any CPU
		{D01A2BC4-EED6-AA56-612C-000889745FEE}.Debug|Any CPU.Build.0 = Debug|Any CPU
		{D01A2BC4-EED6-AA56-612C-000889745FEE}.Debug|x64.ActiveCfg = Debug|Any CPU
		{D01A2BC4-EED6-AA56-612C-000889745FEE}.Debug|x64.Build.0 = Debug|Any CPU
		{D01A2BC4-EED6-AA56-612C-000889745FEE}.Debug|x86.ActiveCfg = Debug|Any CPU
		{D01A2BC4-EED6-AA56-612C-000889745FEE}.Debug|x86.Build.0 = Debug|Any CPU
		{D01A2BC4-EED6-AA56-612C-000889745FEE}.Release|Any CPU.ActiveCfg = Release|Any CPU
		{D01A2BC4-EED6-AA56-612C-000889745FEE}.Release|Any CPU.Build.0 = Release|Any CPU
		{D01A2BC4-EED6-AA56-612C-000889745FEE}.Release|x64.ActiveCfg = Release|Any CPU
		{D01A2BC4-EED6-AA56-612C-000889745FEE}.Release|x64.Build.0 = Release|Any CPU
		{D01A2BC4-EED6-AA56-612C-000889745FEE}.Release|x86.ActiveCfg = Release|Any CPU
		{D01A2BC4-EED6-AA56-612C-000889745FEE}.Release|x86.Build.0 = Release|Any CPU
		{C42B5DCA-0B66-423F-1955-29B99BC5610B}.Debug|Any CPU.ActiveCfg = Debug|Any CPU
		{C42B5DCA-0B66-423F-1955-29B99BC5610B}.Debug|Any CPU.Build.0 = Debug|Any CPU
		{C42B5DCA-0B66-423F-1955-29B99BC5610B}.Debug|x64.ActiveCfg = Debug|Any CPU
		{C42B5DCA-0B66-423F-1955-29B99BC5610B}.Debug|x64.Build.0 = Debug|Any CPU
		{C42B5DCA-0B66-423F-1955-29B99BC5610B}.Debug|x86.ActiveCfg = Debug|Any CPU
		{C42B5DCA-0B66-423F-1955-29B99BC5610B}.Debug|x86.Build.0 = Debug|Any CPU
		{C42B5DCA-0B66-423F-1955-29B99BC5610B}.Release|Any CPU.ActiveCfg = Release|Any CPU
		{C42B5DCA-0B66-423F-1955-29B99BC5610B}.Release|Any CPU.Build.0 = Release|Any CPU
		{C42B5DCA-0B66-423F-1955-29B99BC5610B}.Release|x64.ActiveCfg = Release|Any CPU
		{C42B5DCA-0B66-423F-1955-29B99BC5610B}.Release|x64.Build.0 = Release|Any CPU
		{C42B5DCA-0B66-423F-1955-29B99BC5610B}.Release|x86.ActiveCfg = Release|Any CPU
		{C42B5DCA-0B66-423F-1955-29B99BC5610B}.Release|x86.Build.0 = Release|Any CPU
		{06ED865C-7750-4EED-BBF6-E2CB65970A85}.Debug|Any CPU.ActiveCfg = Debug|Any CPU
		{06ED865C-7750-4EED-BBF6-E2CB65970A85}.Debug|Any CPU.Build.0 = Debug|Any CPU
		{06ED865C-7750-4EED-BBF6-E2CB65970A85}.Debug|x64.ActiveCfg = Debug|Any CPU
		{06ED865C-7750-4EED-BBF6-E2CB65970A85}.Debug|x64.Build.0 = Debug|Any CPU
		{06ED865C-7750-4EED-BBF6-E2CB65970A85}.Debug|x86.ActiveCfg = Debug|Any CPU
		{06ED865C-7750-4EED-BBF6-E2CB65970A85}.Debug|x86.Build.0 = Debug|Any CPU
		{06ED865C-7750-4EED-BBF6-E2CB65970A85}.Release|Any CPU.ActiveCfg = Release|Any CPU
		{06ED865C-7750-4EED-BBF6-E2CB65970A85}.Release|Any CPU.Build.0 = Release|Any CPU
		{06ED865C-7750-4EED-BBF6-E2CB65970A85}.Release|x64.ActiveCfg = Release|Any CPU
		{06ED865C-7750-4EED-BBF6-E2CB65970A85}.Release|x64.Build.0 = Release|Any CPU
		{06ED865C-7750-4EED-BBF6-E2CB65970A85}.Release|x86.ActiveCfg = Release|Any CPU
		{06ED865C-7750-4EED-BBF6-E2CB65970A85}.Release|x86.Build.0 = Release|Any CPU
	EndGlobalSection
	GlobalSection(SolutionProperties) = preSolution
		HideSolutionNode = FALSE
	EndGlobalSection
	GlobalSection(ExtensibilityGlobals) = postSolution
		SolutionGuid = {19ED1750-99F9-43D0-B61B-83568093DA6F}
	EndGlobalSection
EndGlobal
